
Microsoft Visual Studio Solution File, Format Version 12.00
# Visual Studio Version 16
VisualStudioVersion = 16.0.30011.22
MinimumVisualStudioVersion = 10.0.40219.1
Project("{FAE04EC0-301F-11D3-BF4B-00C04F79EFBC}") = "ChatBot.Unaj", "ChatBot.Unaj\ChatBot.Unaj.csproj", "{00C7CB4C-71BD-4463-BB94-73A711000DD3}"
EndProject
Global
	GlobalSection(SolutionConfigurationPlatforms) = preSolution
		Debug|Any CPU = Debug|Any CPU
		Release|Any CPU = Release|Any CPU
	EndGlobalSection
	GlobalSection(ProjectConfigurationPlatforms) = postSolution
		{00C7CB4C-71BD-4463-BB94-73A711000DD3}.Debug|Any CPU.ActiveCfg = Debug|Any CPU
		{00C7CB4C-71BD-4463-BB94-73A711000DD3}.Debug|Any CPU.Build.0 = Debug|Any CPU
		{00C7CB4C-71BD-4463-BB94-73A711000DD3}.Release|Any CPU.ActiveCfg = Release|Any CPU
		{00C7CB4C-71BD-4463-BB94-73A711000DD3}.Release|Any CPU.Build.0 = Release|Any CPU
	EndGlobalSection
	GlobalSection(SolutionProperties) = preSolution
		HideSolutionNode = FALSE
	EndGlobalSection
	GlobalSection(ExtensibilityGlobals) = postSolution
		SolutionGuid = {E240A70C-295E-4261-8C29-E370B1582DC7}
	EndGlobalSection
EndGlobal
